
Microsoft Visual Studio Solution File, Format Version 11.00
# Visual Studio 2010
Project("{2150E333-8FDC-42A3-9474-1A3956D46DE8}") = "3rd party", "3rd party", "{276EFC23-5B5F-491A-B963-0976E20EA135}"
EndProject
Project("{2150E333-8FDC-42A3-9474-1A3956D46DE8}") = "examples", "examples", "{B42E80B9-7AAC-4CAC-B7C1-1FE6347750B3}"
EndProject
Project("{2150E333-8FDC-42A3-9474-1A3956D46DE8}") = "libraries", "libraries", "{28970AC3-2E69-45DC-9340-D0FE49429D43}"
EndProject
Project("{2150E333-8FDC-42A3-9474-1A3956D46DE8}") = "Solution Items", "Solution Items", "{8FDAF50C-594F-4A9C-B688-5FB617C56AFD}"
	ProjectSection(SolutionItems) = preProject
		CHANGES.md = CHANGES.md
		CLASP.NET.vsmdi = CLASP.NET.vsmdi
		design-notes.txt = design-notes.txt
		EXAMPLES.md = EXAMPLES.md
		Local.testsettings = Local.testsettings
		README.md = README.md
		TraceAndTestImpact.testsettings = TraceAndTestImpact.testsettings
	EndProjectSection
EndProject
Project("{2150E333-8FDC-42A3-9474-1A3956D46DE8}") = "packages", "packages", "{5B4DED01-F8EF-43E6-B0EC-206ED8473943}"
	ProjectSection(SolutionItems) = preProject
		packages\repositories.config = packages\repositories.config
	EndProjectSection
EndProject
Project("{2150E333-8FDC-42A3-9474-1A3956D46DE8}") = "scripts", "scripts", "{59B9B2D3-D66A-4A0D-958E-3AD06CF2B960}"
	ProjectSection(SolutionItems) = preProject
		scripts\register_for_skipped_verification.cmd = scripts\register_for_skipped_verification.cmd
	EndProjectSection
EndProject
Project("{2150E333-8FDC-42A3-9474-1A3956D46DE8}") = "test", "test", "{8ACD5C85-53CE-44D8-B1C8-C6C8E5291BEF}"
EndProject
Project("{2150E333-8FDC-42A3-9474-1A3956D46DE8}") = "component", "component", "{18B3F299-44DF-44C3-AB50-BD196D5E7E76}"
EndProject
Project("{2150E333-8FDC-42A3-9474-1A3956D46DE8}") = "scratch", "scratch", "{F9878C96-6DDD-4795-B552-FCB037F30857}"
EndProject
Project("{2150E333-8FDC-42A3-9474-1A3956D46DE8}") = "unit", "unit", "{AE4C1153-BE51-48D4-A09E-DC2F86D27168}"
EndProject
Project("{FAE04EC0-301F-11D3-BF4B-00C04F79EFBC}") = "Example.BoundValues.cat", "examples\Example.BoundValues.cat\Example.BoundValues.cat.csproj", "{A84C5BB5-1F69-42C2-A9E2-3BE926FF32CD}"
EndProject
Project("{FAE04EC0-301F-11D3-BF4B-00C04F79EFBC}") = "Example.ShowUsage", "examples\Example.ShowUsage\Example.ShowUsage.csproj", "{E81D4C65-3DD0-4715-ADF1-A914F672C6D2}"
EndProject
Project("{FAE04EC0-301F-11D3-BF4B-00C04F79EFBC}") = "Example.ShowUsageAndQuit", "examples\Example.ShowUsageAndQuit\Example.ShowUsageAndQuit.csproj", "{32234B76-F6A3-40E4-BE7C-D9F3FE6BA729}"
EndProject
Project("{FAE04EC0-301F-11D3-BF4B-00C04F79EFBC}") = "Example.ShowVersion", "examples\Example.ShowVersion\Example.ShowVersion.csproj", "{29EA3E3D-326D-4055-B694-DF13291EEEA1}"
EndProject
Project("{FAE04EC0-301F-11D3-BF4B-00C04F79EFBC}") = "Example.ShowVersionAndQuit", "examples\Example.ShowVersionAndQuit\Example.ShowVersionAndQuit.csproj", "{0D7A0F27-AA46-428C-9CA5-F8FB32FACD93}"
EndProject
Project("{FAE04EC0-301F-11D3-BF4B-00C04F79EFBC}") = "CLASP.Core", "src\CLASP.Core\CLASP.Core.csproj", "{7923339F-23C3-42B8-8D9F-7D3ABC297091}"
EndProject
Project("{FAE04EC0-301F-11D3-BF4B-00C04F79EFBC}") = "Test.Component.CLASP.1", "test\component\Test.Component.CLASP.1\Test.Component.CLASP.1.csproj", "{58724B92-659A-4BCA-9C5B-4C93958BD83D}"
EndProject
Project("{FAE04EC0-301F-11D3-BF4B-00C04F79EFBC}") = "Test.Component.Wildcards", "test\component\Test.Component.Wildcards\Test.Component.Wildcards.csproj", "{1AD1C29E-D0CA-49F2-88A5-EF3886ED2ED9}"
EndProject
Project("{FAE04EC0-301F-11D3-BF4B-00C04F79EFBC}") = "Test.Scratch.CLASP.BoundStructure.1", "test\scratch\Test.Scratch.CLASP.BoundStructure.1\Test.Scratch.CLASP.BoundStructure.1.csproj", "{C6056F30-4DFB-44F5-8A3B-C8AD5C843D99}"
EndProject
Project("{FAE04EC0-301F-11D3-BF4B-00C04F79EFBC}") = "Test.Scratch.CLASP.BoundStructure.2", "test\scratch\Test.Scratch.CLASP.BoundStructure.2\Test.Scratch.CLASP.BoundStructure.2.csproj", "{1D5E21DF-F5BA-4336-AD75-874056B2C4CF}"
EndProject
Project("{FAE04EC0-301F-11D3-BF4B-00C04F79EFBC}") = "Test.Scratch.ToolMain", "test\scratch\Test.Scratch.ToolMain\Test.Scratch.ToolMain.csproj", "{600DA875-282C-4F90-BCF8-BBBC4D469C48}"
EndProject
Project("{FAE04EC0-301F-11D3-BF4B-00C04F79EFBC}") = "Test.Scratch.ToolMainVA", "test\scratch\Test.Scratch.ToolMainVA\Test.Scratch.ToolMainVA.csproj", "{54ADB9BC-074F-40E8-943F-562D8B0931BB}"
EndProject
Project("{FAE04EC0-301F-11D3-BF4B-00C04F79EFBC}") = "Test.Unit.BoundArguments.1", "test\unit\Test.Unit.BoundArguments.1\Test.Unit.BoundArguments.1.csproj", "{D5B75ED8-1A7B-4F96-9C8E-89539DDF684D}"
EndProject
Project("{FAE04EC0-301F-11D3-BF4B-00C04F79EFBC}") = "Test.Unit.CLASP.1", "test\unit\Test.Unit.CLASP.1\Test.Unit.CLASP.1.csproj", "{194CB5A0-973D-48C7-9A93-558540723167}"
EndProject
Project("{FAE04EC0-301F-11D3-BF4B-00C04F79EFBC}") = "Test.Unit.CLASP.Versions", "test\unit\Test.Unit.CLASP.Versions\Test.Unit.CLASP.Versions.csproj", "{B29FECA6-CB34-4BBE-B7CB-9CC60DE6B002}"
EndProject
Project("{FAE04EC0-301F-11D3-BF4B-00C04F79EFBC}") = "Test.Unit.ExampleTestCases", "test\unit\Test.Unit.ExampleTestCases\Test.Unit.ExampleTestCases.csproj", "{835A1F08-CA45-4F3C-B7F0-BD1CFBFE55E6}"
EndProject
Project("{FAE04EC0-301F-11D3-BF4B-00C04F79EFBC}") = "Test.Unit.Usage", "test\unit\Test.Unit.Usage\Test.Unit.Usage.csproj", "{74A427D8-AF31-4AFD-9EDE-AB9572EFB5B3}"
EndProject
Global
	GlobalSection(TestCaseManagementSettings) = postSolution
		CategoryFile = CLASP.NET.vsmdi
	EndGlobalSection
	GlobalSection(SolutionConfigurationPlatforms) = preSolution
		Debug|Any CPU = Debug|Any CPU
		Release|Any CPU = Release|Any CPU
	EndGlobalSection
	GlobalSection(ProjectConfigurationPlatforms) = postSolution
		{E81D4C65-3DD0-4715-ADF1-A914F672C6D2}.Debug|Any CPU.ActiveCfg = Debug|Any CPU
		{E81D4C65-3DD0-4715-ADF1-A914F672C6D2}.Debug|Any CPU.Build.0 = Debug|Any CPU
		{E81D4C65-3DD0-4715-ADF1-A914F672C6D2}.Release|Any CPU.ActiveCfg = Release|Any CPU
		{E81D4C65-3DD0-4715-ADF1-A914F672C6D2}.Release|Any CPU.Build.0 = Release|Any CPU
		{32234B76-F6A3-40E4-BE7C-D9F3FE6BA729}.Debug|Any CPU.ActiveCfg = Debug|Any CPU
		{32234B76-F6A3-40E4-BE7C-D9F3FE6BA729}.Debug|Any CPU.Build.0 = Debug|Any CPU
		{32234B76-F6A3-40E4-BE7C-D9F3FE6BA729}.Release|Any CPU.ActiveCfg = Release|Any CPU
		{32234B76-F6A3-40E4-BE7C-D9F3FE6BA729}.Release|Any CPU.Build.0 = Release|Any CPU
		{29EA3E3D-326D-4055-B694-DF13291EEEA1}.Debug|Any CPU.ActiveCfg = Debug|Any CPU
		{29EA3E3D-326D-4055-B694-DF13291EEEA1}.Debug|Any CPU.Build.0 = Debug|Any CPU
		{29EA3E3D-326D-4055-B694-DF13291EEEA1}.Release|Any CPU.ActiveCfg = Release|Any CPU
		{29EA3E3D-326D-4055-B694-DF13291EEEA1}.Release|Any CPU.Build.0 = Release|Any CPU
		{0D7A0F27-AA46-428C-9CA5-F8FB32FACD93}.Debug|Any CPU.ActiveCfg = Debug|Any CPU
		{0D7A0F27-AA46-428C-9CA5-F8FB32FACD93}.Debug|Any CPU.Build.0 = Debug|Any CPU
		{0D7A0F27-AA46-428C-9CA5-F8FB32FACD93}.Release|Any CPU.ActiveCfg = Release|Any CPU
		{0D7A0F27-AA46-428C-9CA5-F8FB32FACD93}.Release|Any CPU.Build.0 = Release|Any CPU
		{7923339F-23C3-42B8-8D9F-7D3ABC297091}.Debug|Any CPU.ActiveCfg = Debug|Any CPU
		{7923339F-23C3-42B8-8D9F-7D3ABC297091}.Debug|Any CPU.Build.0 = Debug|Any CPU
		{7923339F-23C3-42B8-8D9F-7D3ABC297091}.Release|Any CPU.ActiveCfg = Release|Any CPU
		{7923339F-23C3-42B8-8D9F-7D3ABC297091}.Release|Any CPU.Build.0 = Release|Any CPU
		{58724B92-659A-4BCA-9C5B-4C93958BD83D}.Debug|Any CPU.ActiveCfg = Debug|Any CPU
		{58724B92-659A-4BCA-9C5B-4C93958BD83D}.Debug|Any CPU.Build.0 = Debug|Any CPU
		{58724B92-659A-4BCA-9C5B-4C93958BD83D}.Release|Any CPU.ActiveCfg = Release|Any CPU
		{58724B92-659A-4BCA-9C5B-4C93958BD83D}.Release|Any CPU.Build.0 = Release|Any CPU
		{1AD1C29E-D0CA-49F2-88A5-EF3886ED2ED9}.Debug|Any CPU.ActiveCfg = Debug|Any CPU
		{1AD1C29E-D0CA-49F2-88A5-EF3886ED2ED9}.Debug|Any CPU.Build.0 = Debug|Any CPU
		{1AD1C29E-D0CA-49F2-88A5-EF3886ED2ED9}.Release|Any CPU.ActiveCfg = Release|Any CPU
		{1AD1C29E-D0CA-49F2-88A5-EF3886ED2ED9}.Release|Any CPU.Build.0 = Release|Any CPU
		{C6056F30-4DFB-44F5-8A3B-C8AD5C843D99}.Debug|Any CPU.ActiveCfg = Debug|Any CPU
		{C6056F30-4DFB-44F5-8A3B-C8AD5C843D99}.Debug|Any CPU.Build.0 = Debug|Any CPU
		{C6056F30-4DFB-44F5-8A3B-C8AD5C843D99}.Release|Any CPU.ActiveCfg = Release|Any CPU
		{C6056F30-4DFB-44F5-8A3B-C8AD5C843D99}.Release|Any CPU.Build.0 = Release|Any CPU
		{1D5E21DF-F5BA-4336-AD75-874056B2C4CF}.Debug|Any CPU.ActiveCfg = Debug|Any CPU
		{1D5E21DF-F5BA-4336-AD75-874056B2C4CF}.Debug|Any CPU.Build.0 = Debug|Any CPU
		{1D5E21DF-F5BA-4336-AD75-874056B2C4CF}.Release|Any CPU.ActiveCfg = Release|Any CPU
		{1D5E21DF-F5BA-4336-AD75-874056B2C4CF}.Release|Any CPU.Build.0 = Release|Any CPU
		{600DA875-282C-4F90-BCF8-BBBC4D469C48}.Debug|Any CPU.ActiveCfg = Debug|Any CPU
		{600DA875-282C-4F90-BCF8-BBBC4D469C48}.Debug|Any CPU.Build.0 = Debug|Any CPU
		{600DA875-282C-4F90-BCF8-BBBC4D469C48}.Release|Any CPU.ActiveCfg = Release|Any CPU
		{600DA875-282C-4F90-BCF8-BBBC4D469C48}.Release|Any CPU.Build.0 = Release|Any CPU
		{54ADB9BC-074F-40E8-943F-562D8B0931BB}.Debug|Any CPU.ActiveCfg = Debug|Any CPU
		{54ADB9BC-074F-40E8-943F-562D8B0931BB}.Debug|Any CPU.Build.0 = Debug|Any CPU
		{54ADB9BC-074F-40E8-943F-562D8B0931BB}.Release|Any CPU.ActiveCfg = Release|Any CPU
		{54ADB9BC-074F-40E8-943F-562D8B0931BB}.Release|Any CPU.Build.0 = Release|Any CPU
		{D5B75ED8-1A7B-4F96-9C8E-89539DDF684D}.Debug|Any CPU.ActiveCfg = Debug|Any CPU
		{D5B75ED8-1A7B-4F96-9C8E-89539DDF684D}.Debug|Any CPU.Build.0 = Debug|Any CPU
		{D5B75ED8-1A7B-4F96-9C8E-89539DDF684D}.Release|Any CPU.ActiveCfg = Release|Any CPU
		{D5B75ED8-1A7B-4F96-9C8E-89539DDF684D}.Release|Any CPU.Build.0 = Release|Any CPU
		{194CB5A0-973D-48C7-9A93-558540723167}.Debug|Any CPU.ActiveCfg = Debug|Any CPU
		{194CB5A0-973D-48C7-9A93-558540723167}.Debug|Any CPU.Build.0 = Debug|Any CPU
		{194CB5A0-973D-48C7-9A93-558540723167}.Release|Any CPU.ActiveCfg = Release|Any CPU
		{194CB5A0-973D-48C7-9A93-558540723167}.Release|Any CPU.Build.0 = Release|Any CPU
		{B29FECA6-CB34-4BBE-B7CB-9CC60DE6B002}.Debug|Any CPU.ActiveCfg = Debug|Any CPU
		{B29FECA6-CB34-4BBE-B7CB-9CC60DE6B002}.Debug|Any CPU.Build.0 = Debug|Any CPU
		{B29FECA6-CB34-4BBE-B7CB-9CC60DE6B002}.Release|Any CPU.ActiveCfg = Release|Any CPU
		{B29FECA6-CB34-4BBE-B7CB-9CC60DE6B002}.Release|Any CPU.Build.0 = Release|Any CPU
		{835A1F08-CA45-4F3C-B7F0-BD1CFBFE55E6}.Debug|Any CPU.ActiveCfg = Debug|Any CPU
		{835A1F08-CA45-4F3C-B7F0-BD1CFBFE55E6}.Debug|Any CPU.Build.0 = Debug|Any CPU
		{835A1F08-CA45-4F3C-B7F0-BD1CFBFE55E6}.Release|Any CPU.ActiveCfg = Release|Any CPU
		{835A1F08-CA45-4F3C-B7F0-BD1CFBFE55E6}.Release|Any CPU.Build.0 = Release|Any CPU
		{74A427D8-AF31-4AFD-9EDE-AB9572EFB5B3}.Debug|Any CPU.ActiveCfg = Debug|Any CPU
		{74A427D8-AF31-4AFD-9EDE-AB9572EFB5B3}.Debug|Any CPU.Build.0 = Debug|Any CPU
		{74A427D8-AF31-4AFD-9EDE-AB9572EFB5B3}.Release|Any CPU.ActiveCfg = Release|Any CPU
		{74A427D8-AF31-4AFD-9EDE-AB9572EFB5B3}.Release|Any CPU.Build.0 = Release|Any CPU
		{A84C5BB5-1F69-42C2-A9E2-3BE926FF32CD}.Debug|Any CPU.ActiveCfg = Debug|Any CPU
		{A84C5BB5-1F69-42C2-A9E2-3BE926FF32CD}.Debug|Any CPU.Build.0 = Debug|Any CPU
		{A84C5BB5-1F69-42C2-A9E2-3BE926FF32CD}.Release|Any CPU.ActiveCfg = Release|Any CPU
		{A84C5BB5-1F69-42C2-A9E2-3BE926FF32CD}.Release|Any CPU.Build.0 = Release|Any CPU
	EndGlobalSection
	GlobalSection(SolutionProperties) = preSolution
		HideSolutionNode = FALSE
	EndGlobalSection
	GlobalSection(NestedProjects) = preSolution
		{E81D4C65-3DD0-4715-ADF1-A914F672C6D2} = {B42E80B9-7AAC-4CAC-B7C1-1FE6347750B3}
		{32234B76-F6A3-40E4-BE7C-D9F3FE6BA729} = {B42E80B9-7AAC-4CAC-B7C1-1FE6347750B3}
		{29EA3E3D-326D-4055-B694-DF13291EEEA1} = {B42E80B9-7AAC-4CAC-B7C1-1FE6347750B3}
		{0D7A0F27-AA46-428C-9CA5-F8FB32FACD93} = {B42E80B9-7AAC-4CAC-B7C1-1FE6347750B3}
		{A84C5BB5-1F69-42C2-A9E2-3BE926FF32CD} = {B42E80B9-7AAC-4CAC-B7C1-1FE6347750B3}
		{7923339F-23C3-42B8-8D9F-7D3ABC297091} = {28970AC3-2E69-45DC-9340-D0FE49429D43}
		{5B4DED01-F8EF-43E6-B0EC-206ED8473943} = {8FDAF50C-594F-4A9C-B688-5FB617C56AFD}
		{59B9B2D3-D66A-4A0D-958E-3AD06CF2B960} = {8FDAF50C-594F-4A9C-B688-5FB617C56AFD}
		{18B3F299-44DF-44C3-AB50-BD196D5E7E76} = {8ACD5C85-53CE-44D8-B1C8-C6C8E5291BEF}
		{F9878C96-6DDD-4795-B552-FCB037F30857} = {8ACD5C85-53CE-44D8-B1C8-C6C8E5291BEF}
		{AE4C1153-BE51-48D4-A09E-DC2F86D27168} = {8ACD5C85-53CE-44D8-B1C8-C6C8E5291BEF}
		{58724B92-659A-4BCA-9C5B-4C93958BD83D} = {18B3F299-44DF-44C3-AB50-BD196D5E7E76}
		{1AD1C29E-D0CA-49F2-88A5-EF3886ED2ED9} = {18B3F299-44DF-44C3-AB50-BD196D5E7E76}
		{C6056F30-4DFB-44F5-8A3B-C8AD5C843D99} = {F9878C96-6DDD-4795-B552-FCB037F30857}
		{1D5E21DF-F5BA-4336-AD75-874056B2C4CF} = {F9878C96-6DDD-4795-B552-FCB037F30857}
		{600DA875-282C-4F90-BCF8-BBBC4D469C48} = {F9878C96-6DDD-4795-B552-FCB037F30857}
		{54ADB9BC-074F-40E8-943F-562D8B0931BB} = {F9878C96-6DDD-4795-B552-FCB037F30857}
		{D5B75ED8-1A7B-4F96-9C8E-89539DDF684D} = {AE4C1153-BE51-48D4-A09E-DC2F86D27168}
		{194CB5A0-973D-48C7-9A93-558540723167} = {AE4C1153-BE51-48D4-A09E-DC2F86D27168}
		{B29FECA6-CB34-4BBE-B7CB-9CC60DE6B002} = {AE4C1153-BE51-48D4-A09E-DC2F86D27168}
		{835A1F08-CA45-4F3C-B7F0-BD1CFBFE55E6} = {AE4C1153-BE51-48D4-A09E-DC2F86D27168}
		{74A427D8-AF31-4AFD-9EDE-AB9572EFB5B3} = {AE4C1153-BE51-48D4-A09E-DC2F86D27168}
	EndGlobalSection
EndGlobal
